
Microsoft Visual Studio Solution File, Format Version 12.00
# Visual Studio Version 17
VisualStudioVersion = 17.1.32421.90
MinimumVisualStudioVersion = 10.0.40219.1
Project("{9A19103F-16F7-4668-BE54-9A1E7A4F7556}") = "Tutors.Data", "Tutor.Data\Tutors.Data.csproj", "{437E50CF-8EBC-4BCC-8556-51B4B9824453}"
EndProject
Project("{9A19103F-16F7-4668-BE54-9A1E7A4F7556}") = "Tutor.Services", "Tutor.Services\Tutor.Services.csproj", "{7457EB55-FBB2-418C-947C-792F311A60FA}"
EndProject
Project("{FAE04EC0-301F-11D3-BF4B-00C04F79EFBC}") = "Tutors.Repo", "Tutors.Repo\Tutors.Repo.csproj", "{10D4D662-E703-4F7C-8C72-3341D478F8C0}"
EndProject
Project("{FAE04EC0-301F-11D3-BF4B-00C04F79EFBC}") = "TutorMe", "tutme\TutorMe.csproj", "{BCE9A687-E093-46BE-A368-1174EDF3F4B7}"
EndProject
Global
	GlobalSection(SolutionConfigurationPlatforms) = preSolution
		Debug|Any CPU = Debug|Any CPU
		Release|Any CPU = Release|Any CPU
	EndGlobalSection
	GlobalSection(ProjectConfigurationPlatforms) = postSolution
		{437E50CF-8EBC-4BCC-8556-51B4B9824453}.Debug|Any CPU.ActiveCfg = Debug|Any CPU
		{437E50CF-8EBC-4BCC-8556-51B4B9824453}.Debug|Any CPU.Build.0 = Debug|Any CPU
		{437E50CF-8EBC-4BCC-8556-51B4B9824453}.Release|Any CPU.ActiveCfg = Release|Any CPU
		{437E50CF-8EBC-4BCC-8556-51B4B9824453}.Release|Any CPU.Build.0 = Release|Any CPU
		{7457EB55-FBB2-418C-947C-792F311A60FA}.Debug|Any CPU.ActiveCfg = Debug|Any CPU
		{7457EB55-FBB2-418C-947C-792F311A60FA}.Debug|Any CPU.Build.0 = Debug|Any CPU
		{7457EB55-FBB2-418C-947C-792F311A60FA}.Release|Any CPU.ActiveCfg = Release|Any CPU
		{7457EB55-FBB2-418C-947C-792F311A60FA}.Release|Any CPU.Build.0 = Release|Any CPU
		{10D4D662-E703-4F7C-8C72-3341D478F8C0}.Debug|Any CPU.ActiveCfg = Debug|Any CPU
		{10D4D662-E703-4F7C-8C72-3341D478F8C0}.Debug|Any CPU.Build.0 = Debug|Any CPU
		{10D4D662-E703-4F7C-8C72-3341D478F8C0}.Release|Any CPU.ActiveCfg = Release|Any CPU
		{10D4D662-E703-4F7C-8C72-3341D478F8C0}.Release|Any CPU.Build.0 = Release|Any CPU
		{BCE9A687-E093-46BE-A368-1174EDF3F4B7}.Debug|Any CPU.ActiveCfg = Debug|Any CPU
		{BCE9A687-E093-46BE-A368-1174EDF3F4B7}.Debug|Any CPU.Build.0 = Debug|Any CPU
		{BCE9A687-E093-46BE-A368-1174EDF3F4B7}.Release|Any CPU.ActiveCfg = Release|Any CPU
		{BCE9A687-E093-46BE-A368-1174EDF3F4B7}.Release|Any CPU.Build.0 = Release|Any CPU
	EndGlobalSection
	GlobalSection(SolutionProperties) = preSolution
		HideSolutionNode = FALSE
	EndGlobalSection
	GlobalSection(ExtensibilityGlobals) = postSolution
		SolutionGuid = {7ED02A64-E027-4F83-94E6-D29B8D82A06C}
	EndGlobalSection
EndGlobal
